
Microsoft Visual Studio Solution File, Format Version 12.00
# Visual Studio Version 16
VisualStudioVersion = 16.0.31205.134
MinimumVisualStudioVersion = 10.0.40219.1
Project("{9A19103F-16F7-4668-BE54-9A1E7A4F7556}") = "BigQuerySync.App", "BigQuerySync.App\BigQuerySync.App.csproj", "{8710B2AA-5DFD-47CC-B404-FA7C24F04034}"
	ProjectSection(ProjectDependencies) = postProject
		{BFBD0DC2-8640-4872-960D-4F81B3BDDEE4} = {BFBD0DC2-8640-4872-960D-4F81B3BDDEE4}
	EndProjectSection
EndProject
Project("{9A19103F-16F7-4668-BE54-9A1E7A4F7556}") = "BigQuerySync.DAL", "BigQuerySync.DAL\BigQuerySync.DAL.csproj", "{BFBD0DC2-8640-4872-960D-4F81B3BDDEE4}"
EndProject
Global
	GlobalSection(SolutionConfigurationPlatforms) = preSolution
		Debug|Any CPU = Debug|Any CPU
		Release|Any CPU = Release|Any CPU
	EndGlobalSection
	GlobalSection(ProjectConfigurationPlatforms) = postSolution
		{8710B2AA-5DFD-47CC-B404-FA7C24F04034}.Debug|Any CPU.ActiveCfg = Debug|Any CPU
		{8710B2AA-5DFD-47CC-B404-FA7C24F04034}.Debug|Any CPU.Build.0 = Debug|Any CPU
		{8710B2AA-5DFD-47CC-B404-FA7C24F04034}.Release|Any CPU.ActiveCfg = Release|Any CPU
		{8710B2AA-5DFD-47CC-B404-FA7C24F04034}.Release|Any CPU.Build.0 = Release|Any CPU
		{BFBD0DC2-8640-4872-960D-4F81B3BDDEE4}.Debug|Any CPU.ActiveCfg = Debug|Any CPU
		{BFBD0DC2-8640-4872-960D-4F81B3BDDEE4}.Debug|Any CPU.Build.0 = Debug|Any CPU
		{BFBD0DC2-8640-4872-960D-4F81B3BDDEE4}.Release|Any CPU.ActiveCfg = Release|Any CPU
		{BFBD0DC2-8640-4872-960D-4F81B3BDDEE4}.Release|Any CPU.Build.0 = Release|Any CPU
	EndGlobalSection
	GlobalSection(SolutionProperties) = preSolution
		HideSolutionNode = FALSE
	EndGlobalSection
	GlobalSection(ExtensibilityGlobals) = postSolution
		SolutionGuid = {B89928D1-01FE-4D1B-A650-6ED67393F937}
	EndGlobalSection
EndGlobal
